// !$*UTF8*$!
{
	archiveVersion = 1;
	classes = {
	};
	objectVersion = 46;
	objects = {

/* Begin PBXBuildFile section */
		9C90BB821BC3C76B003D7117 /* AppDelegate.swift in Sources */ = {isa = PBXBuildFile; fileRef = 9C90BB7C1BC3C76B003D7117 /* AppDelegate.swift */; settings = {ASSET_TAGS = (); }; };
		9C90BB831BC3C76B003D7117 /* Main.storyboard in Resources */ = {isa = PBXBuildFile; fileRef = 9C90BB7D1BC3C76B003D7117 /* Main.storyboard */; settings = {ASSET_TAGS = (); }; };
		9C90BB841BC3C76B003D7117 /* Images.xcassets in Resources */ = {isa = PBXBuildFile; fileRef = 9C90BB7F1BC3C76B003D7117 /* Images.xcassets */; settings = {ASSET_TAGS = (); }; };
		9C90BB851BC3C76B003D7117 /* Info.plist in Resources */ = {isa = PBXBuildFile; fileRef = 9C90BB801BC3C76B003D7117 /* Info.plist */; settings = {ASSET_TAGS = (); }; };
		9C90BB861BC3C76B003D7117 /* ViewController.swift in Sources */ = {isa = PBXBuildFile; fileRef = 9C90BB811BC3C76B003D7117 /* ViewController.swift */; settings = {ASSET_TAGS = (); }; };
/* End PBXBuildFile section */

/* Begin PBXFileReference section */
		9C90BB7C1BC3C76B003D7117 /* AppDelegate.swift */ = {isa = PBXFileReference; fileEncoding = 4; lastKnownFileType = sourcecode.swift; path = AppDelegate.swift; sourceTree = "<group>"; };
		9C90BB7E1BC3C76B003D7117 /* Base */ = {isa = PBXFileReference; lastKnownFileType = file.storyboard; name = Base; path = Base.lproj/Main.storyboard; sourceTree = "<group>"; };
		9C90BB7F1BC3C76B003D7117 /* Images.xcassets */ = {isa = PBXFileReference; lastKnownFileType = folder.assetcatalog; path = Images.xcassets; sourceTree = "<group>"; };
		9C90BB801BC3C76B003D7117 /* Info.plist */ = {isa = PBXFileReference; fileEncoding = 4; lastKnownFileType = text.plist.xml; path = Info.plist; sourceTree = "<group>"; };
		9C90BB811BC3C76B003D7117 /* ViewController.swift */ = {isa = PBXFileReference; fileEncoding = 4; lastKnownFileType = sourcecode.swift; path = ViewController.swift; sourceTree = "<group>"; };
		FFCB60501976B94400724195 /* NSMutableString.app */ = {isa = PBXFileReference; explicitFileType = wrapper.application; includeInIndex = 0; path = NSMutableString.app; sourceTree = BUILT_PRODUCTS_DIR; };
/* End PBXFileReference section */

/* Begin PBXFrameworksBuildPhase section */
		FFCB604D1976B94400724195 /* Frameworks */ = {
			isa = PBXFrameworksBuildPhase;
			buildActionMask = 2147483647;
			files = (
			);
			runOnlyForDeploymentPostprocessing = 0;
		};
/* End PBXFrameworksBuildPhase section */

/* Begin PBXGroup section */
		9C90BB7B1BC3C76B003D7117 /* NSMutableString */ = {
			isa = PBXGroup;
			children = (
				9C90BB7C1BC3C76B003D7117 /* AppDelegate.swift */,
				9C90BB811BC3C76B003D7117 /* ViewController.swift */,
				9C90BB7D1BC3C76B003D7117 /* Main.storyboard */,
				9C90BB7F1BC3C76B003D7117 /* Images.xcassets */,
				9C90BB801BC3C76B003D7117 /* Info.plist */,
			);
			path = NSMutableString;
			sourceTree = "<group>";
		};
		FFCB60471976B94400724195 = {
			isa = PBXGroup;
			children = (
				9C90BB7B1BC3C76B003D7117 /* NSMutableString */,
				FFCB60511976B94400724195 /* Products */,
			);
			sourceTree = "<group>";
		};
		FFCB60511976B94400724195 /* Products */ = {
			isa = PBXGroup;
			children = (
				FFCB60501976B94400724195 /* NSMutableString.app */,
			);
			name = Products;
			sourceTree = "<group>";
		};
/* End PBXGroup section */

/* Begin PBXNativeTarget section */
		FFCB604F1976B94400724195 /* NSMutableString */ = {
			isa = PBXNativeTarget;
			buildConfigurationList = FFCB606C1976B94400724195 /* Build configuration list for PBXNativeTarget "NSMutableString" */;
			buildPhases = (
				FFCB604C1976B94400724195 /* Sources */,
				FFCB604D1976B94400724195 /* Frameworks */,
				FFCB604E1976B94400724195 /* Resources */,
			);
			buildRules = (
			);
			dependencies = (
			);
			name = NSMutableString;
			productName = NSMutableString_delete;
			productReference = FFCB60501976B94400724195 /* NSMutableString.app */;
			productType = "com.apple.product-type.application";
		};
/* End PBXNativeTarget section */

/* Begin PBXProject section */
		FFCB60481976B94400724195 /* Project object */ = {
			isa = PBXProject;
			attributes = {
				LastSwiftUpdateCheck = 0700;
				LastUpgradeCheck = 0600;
				ORGANIZATIONNAME = "yoshiyuki oshige";
				TargetAttributes = {
					FFCB604F1976B94400724195 = {
						CreatedOnToolsVersion = 6.0;
						DevelopmentTeam = E8K7V8Y3M8;
					};
				};
			};
			buildConfigurationList = FFCB604B1976B94400724195 /* Build configuration list for PBXProject "NSMutableString" */;
			compatibilityVersion = "Xcode 3.2";
			developmentRegion = English;
			hasScannedForEncodings = 0;
			knownRegions = (
				en,
				Base,
			);
			mainGroup = FFCB60471976B94400724195;
			productRefGroup = FFCB60511976B94400724195 /* Products */;
			projectDirPath = "";
			projectRoot = "";
			targets = (
				FFCB604F1976B94400724195 /* NSMutableString */,
			);
		};
/* End PBXProject section */

/* Begin PBXResourcesBuildPhase section */
		FFCB604E1976B94400724195 /* Resources */ = {
			isa = PBXResourcesBuildPhase;
			buildActionMask = 2147483647;
			files = (
				9C90BB831BC3C76B003D7117 /* Main.storyboard in Resources */,
				9C90BB841BC3C76B003D7117 /* Images.xcassets in Resources */,
				9C90BB851BC3C76B003D7117 /* Info.plist in Resources */,
			);
			runOnlyForDeploymentPostprocessing = 0;
		};
/* End PBXResourcesBuildPhase section */

/* Begin PBXSourcesBuildPhase section */
		FFCB604C1976B94400724195 /* Sources */ = {
			isa = PBXSourcesBuildPhase;
			buildActionMask = 2147483647;
			files = (
				9C90BB861BC3C76B003D7117 /* ViewController.swift in Sources */,
				9C90BB821BC3C76B003D7117 /* AppDelegate.swift in Sources */,
			);
			runOnlyForDeploymentPostprocessing = 0;
		};
/* End PBXSourcesBuildPhase section */

/* Begin PBXVariantGroup section */
		9C90BB7D1BC3C76B003D7117 /* Main.storyboard */ = {
			isa = PBXVariantGroup;
			children = (
				9C90BB7E1BC3C76B003D7117 /* Base */,
			);
			name = Main.storyboard;
			sourceTree = "<group>";
		};
/* End PBXVariantGroup section */

/* Begin XCBuildConfiguration section */
		FFCB606A1976B94400724195 /* Debug */ = {
			isa = XCBuildConfiguration;
			buildSettings = {
				ALWAYS_SEARCH_USER_PATHS = NO;
				CLANG_CXX_LANGUAGE_STANDARD = "gnu++0x";
				CLANG_CXX_LIBRARY = "libc++";
				CLANG_ENABLE_MODULES = YES;
				CLANG_ENABLE_OBJC_ARC = YES;
				CLANG_WARN_BOOL_CONVERSION = YES;
				CLANG_WARN_CONSTANT_CONVERSION = YES;
				CLANG_WARN_DIRECT_OBJC_ISA_USAGE = YES_ERROR;
				CLANG_WARN_EMPTY_BODY = YES;
				CLANG_WARN_ENUM_CONVERSION = YES;
				CLANG_WARN_INT_CONVERSION = YES;
				CLANG_WARN_OBJC_ROOT_CLASS = YES_ERROR;
				CLANG_WARN_UNREACHABLE_CODE = YES;
				CLANG_WARN__DUPLICATE_METHOD_MATCH = YES;
				"CODE_SIGN_IDENTITY[sdk=iphoneos*]" = "iPhone Developer";
				COPY_PHASE_STRIP = NO;
				ENABLE_STRICT_OBJC_MSGSEND = YES;
				GCC_C_LANGUAGE_STANDARD = gnu99;
				GCC_DYNAMIC_NO_PIC = NO;
				GCC_OPTIMIZATION_LEVEL = 0;
				GCC_PREPROCESSOR_DEFINITIONS = (
					"DEBUG=1",
					"$(inherited)",
				);
				GCC_SYMBOLS_PRIVATE_EXTERN = NO;
				GCC_WARN_64_TO_32_BIT_CONVERSION = YES;
				GCC_WARN_ABOUT_RETURN_TYPE = YES_ERROR;
				GCC_WARN_UNDECLARED_SELECTOR = YES;
				GCC_WARN_UNINITIALIZED_AUTOS = YES_AGGRESSIVE;
				GCC_WARN_UNUSED_FUNCTION = YES;
				GCC_WARN_UNUSED_VARIABLE = YES;
				IPHONEOS_DEPLOYMENT_TARGET = 8.0;
				MTL_ENABLE_DEBUG_INFO = YES;
				ONLY_ACTIVE_ARCH = YES;
				SDKROOT = iphoneos;
				SWIFT_OPTIMIZATION_LEVEL = "-Onone";
			};
			name = Debug;
		};
		FFCB606B1976B94400724195 /* Release */ = {
			isa = XCBuildConfiguration;
			buildSettings = {
				ALWAYS_SEARCH_USER_PATHS = NO;
				CLANG_CXX_LANGUAGE_STANDARD = "gnu++0x";
				CLANG_CXX_LIBRARY = "libc++";
				CLANG_ENABLE_MODULES = YES;
				CLANG_ENABLE_OBJC_ARC = YES;
				CLANG_WARN_BOOL_CONVERSION = YES;
				CLANG_WARN_CONSTANT_CONVERSION = YES;
				CLANG_WARN_DIRECT_OBJC_ISA_USAGE = YES_ERROR;
				CLANG_WARN_EMPTY_BODY = YES;
				CLANG_WARN_ENUM_CONVERSION = YES;
				CLANG_WARN_INT_CONVERSION = YES;
				CLANG_WARN_OBJC_ROOT_CLASS = YES_ERROR;
				CLANG_WARN_UNREACHABLE_CODE = YES;
				CLANG_WARN__DUPLICATE_METHOD_MATCH = YES;
				"CODE_SIGN_IDENTITY[sdk=iphoneos*]" = "iPhone Developer";
				COPY_PHASE_STRIP = YES;
				ENABLE_NS_ASSERTIONS = NO;
				ENABLE_STRICT_OBJC_MSGSEND = YES;
				GCC_C_LANGUAGE_STANDARD = gnu99;
				GCC_WARN_64_TO_32_BIT_CONVERSION = YES;
				GCC_WARN_ABOUT_RETURN_TYPE = YES_ERROR;
				GCC_WARN_UNDECLARED_SELECTOR = YES;
				GCC_WARN_UNINITIALIZED_AUTOS = YES_AGGRESSIVE;
				GCC_WARN_UNUSED_FUNCTION = YES;
				GCC_WARN_UNUSED_VARIABLE = YES;
				IPHONEOS_DEPLOYMENT_TARGET = 8.0;
				MTL_ENABLE_DEBUG_INFO = NO;
				SDKROOT = iphoneos;
				VALIDATE_PRODUCT = YES;
			};
			name = Release;
		};
		FFCB606D1976B94400724195 /* Debug */ = {
			isa = XCBuildConfiguration;
			buildSettings = {
				ASSETCATALOG_COMPILER_APPICON_NAME = AppIcon;
				ASSETCATALOG_COMPILER_LAUNCHIMAGE_NAME = LaunchImage;
				CODE_SIGN_IDENTITY = "iPhone Developer";
				INFOPLIST_FILE = "$(SRCROOT)/NSMutableString/Info.plist";
				LD_RUNPATH_SEARCH_PATHS = "$(inherited) @executable_path/Frameworks";
				PRODUCT_BUNDLE_IDENTIFIER = com.NSMutableString;
				PRODUCT_NAME = NSMutableString;
			};
			name = Debug;
		};
		FFCB606E1976B94400724195 /* Release */ = {
			isa = XCBuildConfiguration;
			buildSettings = {
				ASSETCATALOG_COMPILER_APPICON_NAME = AppIcon;
				ASSETCATALOG_COMPILER_LAUNCHIMAGE_NAME = LaunchImage;
				CODE_SIGN_IDENTITY = "iPhone Developer";
				INFOPLIST_FILE = "$(SRCROOT)/NSMutableString/Info.plist";
				LD_RUNPATH_SEARCH_PATHS = "$(inherited) @executable_path/Frameworks";
				PRODUCT_BUNDLE_IDENTIFIER = com.NSMutableString;
				PRODUCT_NAME = NSMutableString;
			};
			name = Release;
		};
/* End XCBuildConfiguration section */

/* Begin XCConfigurationList section */
		FFCB604B1976B94400724195 /* Build configuration list for PBXProject "NSMutableString" */ = {
			isa = XCConfigurationList;
			buildConfigurations = (
				FFCB606A1976B94400724195 /* Debug */,
				FFCB606B1976B94400724195 /* Release */,
			);
			defaultConfigurationIsVisible = 0;
			defaultConfigurationName = Release;
		};
		FFCB606C1976B94400724195 /* Build configuration list for PBXNativeTarget "NSMutableString" */ = {
			isa = XCConfigurationList;
			buildConfigurations = (
				FFCB606D1976B94400724195 /* Debug */,
				FFCB606E1976B94400724195 /* Release */,
			);
			defaultConfigurationIsVisible = 0;
			defaultConfigurationName = Release;
		};
/* End XCConfigurationList section */
	};
	rootObject = FFCB60481976B94400724195 /* Project object */;
}
